
Microsoft Visual Studio Solution File, Format Version 12.00
# Visual Studio Version 17
VisualStudioVersion = 17.0.31903.59
MinimumVisualStudioVersion = 10.0.40219.1
Project("{2150E333-8FDC-42A3-9474-1A3956D46DE8}") = "src", "src", "{7AAD4F56-E341-48F0-9008-BAC56DCAF56C}"
EndProject
Project("{2150E333-8FDC-42A3-9474-1A3956D46DE8}") = "tests", "tests", "{C15C27B8-CA45-4485-BB74-AF4FA2491F89}"
EndProject
Project("{FAE04EC0-301F-11D3-BF4B-00C04F79EFBC}") = "RocketseatAution.API", "src\RocketseatAution.API\RocketseatAution.API.csproj", "{3298CC35-B3A4-4BD9-9CD3-C26164786021}"
EndProject
Global
	GlobalSection(SolutionConfigurationPlatforms) = preSolution
		Debug|Any CPU = Debug|Any CPU
		Release|Any CPU = Release|Any CPU
	EndGlobalSection
	GlobalSection(ProjectConfigurationPlatforms) = postSolution
		{3298CC35-B3A4-4BD9-9CD3-C26164786021}.Debug|Any CPU.ActiveCfg = Debug|Any CPU
		{3298CC35-B3A4-4BD9-9CD3-C26164786021}.Debug|Any CPU.Build.0 = Debug|Any CPU
		{3298CC35-B3A4-4BD9-9CD3-C26164786021}.Release|Any CPU.ActiveCfg = Release|Any CPU
		{3298CC35-B3A4-4BD9-9CD3-C26164786021}.Release|Any CPU.Build.0 = Release|Any CPU
	EndGlobalSection
	GlobalSection(SolutionProperties) = preSolution
		HideSolutionNode = FALSE
	EndGlobalSection
	GlobalSection(NestedProjects) = preSolution
		{3298CC35-B3A4-4BD9-9CD3-C26164786021} = {7AAD4F56-E341-48F0-9008-BAC56DCAF56C}
	EndGlobalSection
EndGlobal
